
Microsoft Visual Studio Solution File, Format Version 12.00
# Visual Studio Version 17
VisualStudioVersion = 17.0.31903.59
MinimumVisualStudioVersion = 10.0.40219.1
Project("{2150E333-8FDC-42A3-9474-1A3956D46DE8}") = "Services", "Services", "{6C12E379-311A-4637-868C-0B472FE52D0C}"
EndProject
Project("{2150E333-8FDC-42A3-9474-1A3956D46DE8}") = "OrderManagement", "OrderManagement", "{1CF5AAED-36C6-418E-B0E7-E72BEBE709FC}"
EndProject
Project("{9A19103F-16F7-4668-BE54-9A1E7A4F7556}") = "OrderManagement.Api", "Services\OrderManagement\OrderManagement.Api\OrderManagement.Api.csproj", "{D5AF94C6-D6C2-4636-8DCA-063B0518A725}"
EndProject
Project("{9A19103F-16F7-4668-BE54-9A1E7A4F7556}") = "OrderManagement.Domain", "Services\OrderManagement\OrderManagement.Domain\OrderManagement.Domain.csproj", "{8BDC77A7-2B7D-4900-9DA5-F7D8F1794A94}"
EndProject
Project("{9A19103F-16F7-4668-BE54-9A1E7A4F7556}") = "OrderManagement.AppLogic", "Services\OrderManagement\OrderManagement.AppLogic\OrderManagement.AppLogic.csproj", "{1C77EE7B-77F8-4A1C-8391-336CEC576E3C}"
EndProject
Project("{9A19103F-16F7-4668-BE54-9A1E7A4F7556}") = "OrderManagement.Infrastructure", "Services\OrderManagement\OrderManagement.Infrastructure\OrderManagement.Infrastructure.csproj", "{EDC82F39-15C3-4647-A1C9-F08D536556D5}"
EndProject
Project("{E53339B2-1760-4266-BCC7-CA923CBCF16C}") = "docker-compose", "docker-compose.dcproj", "{2DF4298A-EEE1-461C-BD11-CA87761D27E2}"
EndProject
Project("{2150E333-8FDC-42A3-9474-1A3956D46DE8}") = "BuildingBlocks", "BuildingBlocks", "{5D9E6E26-DFDF-4E6E-9FA0-B5B15D712F30}"
EndProject
Project("{9A19103F-16F7-4668-BE54-9A1E7A4F7556}") = "Domain", "BuildingBlocks\Domain\Domain.csproj", "{53878B90-5C82-4CE3-96BA-7D1B02BB7A02}"
EndProject
Project("{9A19103F-16F7-4668-BE54-9A1E7A4F7556}") = "AppLogic", "BuildingBlocks\AppLogic\AppLogic.csproj", "{476CF7FE-BDF4-45EB-B39A-C4608DFCAACC}"
EndProject
Project("{9A19103F-16F7-4668-BE54-9A1E7A4F7556}") = "Infrastructure", "BuildingBlocks\Infrastructure\Infrastructure.csproj", "{66060CBA-DB8D-48EF-B6D3-11BA8D51CFBA}"
EndProject
Project("{9A19103F-16F7-4668-BE54-9A1E7A4F7556}") = "Api", "BuildingBlocks\Api\Api.csproj", "{3E016F55-BD13-4CF5-9E08-C798C11C8256}"
EndProject
Project("{2150E333-8FDC-42A3-9474-1A3956D46DE8}") = "Identity", "Identity", "{B70AD5F2-734E-4E39-8384-7111F5C26F81}"
EndProject
Project("{9A19103F-16F7-4668-BE54-9A1E7A4F7556}") = "Identity.UI", "Services\Identity\Identity.UI\Identity.UI.csproj", "{40526F58-E055-49AB-979C-477345F307F4}"
EndProject
Project("{2150E333-8FDC-42A3-9474-1A3956D46DE8}") = "Clients", "Clients", "{1005D988-CFD9-4C37-9BED-B1371688A35A}"
EndProject
Project("{9A19103F-16F7-4668-BE54-9A1E7A4F7556}") = "KWops.Cli", "Clients\KWops.Cli.csproj", "{9E26860F-97C1-4B92-AA51-81CFA0AE5B4F}"
EndProject
Project("{9A19103F-16F7-4668-BE54-9A1E7A4F7556}") = "OrderManagement.Domain.Tests", "Services\OrderManagement\OrderManagement.Domain.Tests\OrderManagement.Domain.Tests.csproj", "{876D8ED3-0DB7-452B-8119-225A0D24C9FD}"
EndProject
Project("{9A19103F-16F7-4668-BE54-9A1E7A4F7556}") = "OrderManagement.Api.Tests", "Services\OrderManagement\OrderManagement.Api.Tests\OrderManagement.Api.Tests.csproj", "{44AB79C3-AE71-4EBC-88EC-A2621086C891}"
EndProject
Project("{9A19103F-16F7-4668-BE54-9A1E7A4F7556}") = "OrderManagement.AppLogic.Tests", "Services\OrderManagement.AppLogic.Tests\OrderManagement.AppLogic.Tests.csproj", "{E359F356-2A86-4D31-9BFE-8A44D5C54650}"
EndProject
Project("{9A19103F-16F7-4668-BE54-9A1E7A4F7556}") = "Test", "BuildingBlocks\Test\Test.csproj", "{D741CE3A-4820-4893-9AF0-12A91A1A4D3D}"
EndProject
Global
	GlobalSection(SolutionConfigurationPlatforms) = preSolution
		Debug|Any CPU = Debug|Any CPU
		Release|Any CPU = Release|Any CPU
	EndGlobalSection
	GlobalSection(ProjectConfigurationPlatforms) = postSolution
		{D5AF94C6-D6C2-4636-8DCA-063B0518A725}.Debug|Any CPU.ActiveCfg = Debug|Any CPU
		{D5AF94C6-D6C2-4636-8DCA-063B0518A725}.Debug|Any CPU.Build.0 = Debug|Any CPU
		{D5AF94C6-D6C2-4636-8DCA-063B0518A725}.Release|Any CPU.ActiveCfg = Release|Any CPU
		{D5AF94C6-D6C2-4636-8DCA-063B0518A725}.Release|Any CPU.Build.0 = Release|Any CPU
		{8BDC77A7-2B7D-4900-9DA5-F7D8F1794A94}.Debug|Any CPU.ActiveCfg = Debug|Any CPU
		{8BDC77A7-2B7D-4900-9DA5-F7D8F1794A94}.Debug|Any CPU.Build.0 = Debug|Any CPU
		{8BDC77A7-2B7D-4900-9DA5-F7D8F1794A94}.Release|Any CPU.ActiveCfg = Release|Any CPU
		{8BDC77A7-2B7D-4900-9DA5-F7D8F1794A94}.Release|Any CPU.Build.0 = Release|Any CPU
		{1C77EE7B-77F8-4A1C-8391-336CEC576E3C}.Debug|Any CPU.ActiveCfg = Debug|Any CPU
		{1C77EE7B-77F8-4A1C-8391-336CEC576E3C}.Debug|Any CPU.Build.0 = Debug|Any CPU
		{1C77EE7B-77F8-4A1C-8391-336CEC576E3C}.Release|Any CPU.ActiveCfg = Release|Any CPU
		{1C77EE7B-77F8-4A1C-8391-336CEC576E3C}.Release|Any CPU.Build.0 = Release|Any CPU
		{EDC82F39-15C3-4647-A1C9-F08D536556D5}.Debug|Any CPU.ActiveCfg = Debug|Any CPU
		{EDC82F39-15C3-4647-A1C9-F08D536556D5}.Debug|Any CPU.Build.0 = Debug|Any CPU
		{EDC82F39-15C3-4647-A1C9-F08D536556D5}.Release|Any CPU.ActiveCfg = Release|Any CPU
		{EDC82F39-15C3-4647-A1C9-F08D536556D5}.Release|Any CPU.Build.0 = Release|Any CPU
		{2DF4298A-EEE1-461C-BD11-CA87761D27E2}.Debug|Any CPU.ActiveCfg = Debug|Any CPU
		{2DF4298A-EEE1-461C-BD11-CA87761D27E2}.Debug|Any CPU.Build.0 = Debug|Any CPU
		{2DF4298A-EEE1-461C-BD11-CA87761D27E2}.Release|Any CPU.ActiveCfg = Release|Any CPU
		{2DF4298A-EEE1-461C-BD11-CA87761D27E2}.Release|Any CPU.Build.0 = Release|Any CPU
		{53878B90-5C82-4CE3-96BA-7D1B02BB7A02}.Debug|Any CPU.ActiveCfg = Debug|Any CPU
		{53878B90-5C82-4CE3-96BA-7D1B02BB7A02}.Debug|Any CPU.Build.0 = Debug|Any CPU
		{53878B90-5C82-4CE3-96BA-7D1B02BB7A02}.Release|Any CPU.ActiveCfg = Release|Any CPU
		{53878B90-5C82-4CE3-96BA-7D1B02BB7A02}.Release|Any CPU.Build.0 = Release|Any CPU
		{476CF7FE-BDF4-45EB-B39A-C4608DFCAACC}.Debug|Any CPU.ActiveCfg = Debug|Any CPU
		{476CF7FE-BDF4-45EB-B39A-C4608DFCAACC}.Debug|Any CPU.Build.0 = Debug|Any CPU
		{476CF7FE-BDF4-45EB-B39A-C4608DFCAACC}.Release|Any CPU.ActiveCfg = Release|Any CPU
		{476CF7FE-BDF4-45EB-B39A-C4608DFCAACC}.Release|Any CPU.Build.0 = Release|Any CPU
		{66060CBA-DB8D-48EF-B6D3-11BA8D51CFBA}.Debug|Any CPU.ActiveCfg = Debug|Any CPU
		{66060CBA-DB8D-48EF-B6D3-11BA8D51CFBA}.Debug|Any CPU.Build.0 = Debug|Any CPU
		{66060CBA-DB8D-48EF-B6D3-11BA8D51CFBA}.Release|Any CPU.ActiveCfg = Release|Any CPU
		{66060CBA-DB8D-48EF-B6D3-11BA8D51CFBA}.Release|Any CPU.Build.0 = Release|Any CPU
		{3E016F55-BD13-4CF5-9E08-C798C11C8256}.Debug|Any CPU.ActiveCfg = Debug|Any CPU
		{3E016F55-BD13-4CF5-9E08-C798C11C8256}.Debug|Any CPU.Build.0 = Debug|Any CPU
		{3E016F55-BD13-4CF5-9E08-C798C11C8256}.Release|Any CPU.ActiveCfg = Release|Any CPU
		{3E016F55-BD13-4CF5-9E08-C798C11C8256}.Release|Any CPU.Build.0 = Release|Any CPU
		{40526F58-E055-49AB-979C-477345F307F4}.Debug|Any CPU.ActiveCfg = Debug|Any CPU
		{40526F58-E055-49AB-979C-477345F307F4}.Debug|Any CPU.Build.0 = Debug|Any CPU
		{40526F58-E055-49AB-979C-477345F307F4}.Release|Any CPU.ActiveCfg = Release|Any CPU
		{40526F58-E055-49AB-979C-477345F307F4}.Release|Any CPU.Build.0 = Release|Any CPU
		{9E26860F-97C1-4B92-AA51-81CFA0AE5B4F}.Debug|Any CPU.ActiveCfg = Debug|Any CPU
		{9E26860F-97C1-4B92-AA51-81CFA0AE5B4F}.Debug|Any CPU.Build.0 = Debug|Any CPU
		{9E26860F-97C1-4B92-AA51-81CFA0AE5B4F}.Release|Any CPU.ActiveCfg = Release|Any CPU
		{9E26860F-97C1-4B92-AA51-81CFA0AE5B4F}.Release|Any CPU.Build.0 = Release|Any CPU
		{876D8ED3-0DB7-452B-8119-225A0D24C9FD}.Debug|Any CPU.ActiveCfg = Debug|Any CPU
		{876D8ED3-0DB7-452B-8119-225A0D24C9FD}.Debug|Any CPU.Build.0 = Debug|Any CPU
		{876D8ED3-0DB7-452B-8119-225A0D24C9FD}.Release|Any CPU.ActiveCfg = Release|Any CPU
		{876D8ED3-0DB7-452B-8119-225A0D24C9FD}.Release|Any CPU.Build.0 = Release|Any CPU
		{44AB79C3-AE71-4EBC-88EC-A2621086C891}.Debug|Any CPU.ActiveCfg = Debug|Any CPU
		{44AB79C3-AE71-4EBC-88EC-A2621086C891}.Debug|Any CPU.Build.0 = Debug|Any CPU
		{44AB79C3-AE71-4EBC-88EC-A2621086C891}.Release|Any CPU.ActiveCfg = Release|Any CPU
		{44AB79C3-AE71-4EBC-88EC-A2621086C891}.Release|Any CPU.Build.0 = Release|Any CPU
		{E359F356-2A86-4D31-9BFE-8A44D5C54650}.Debug|Any CPU.ActiveCfg = Debug|Any CPU
		{E359F356-2A86-4D31-9BFE-8A44D5C54650}.Debug|Any CPU.Build.0 = Debug|Any CPU
		{E359F356-2A86-4D31-9BFE-8A44D5C54650}.Release|Any CPU.ActiveCfg = Release|Any CPU
		{E359F356-2A86-4D31-9BFE-8A44D5C54650}.Release|Any CPU.Build.0 = Release|Any CPU
		{D741CE3A-4820-4893-9AF0-12A91A1A4D3D}.Debug|Any CPU.ActiveCfg = Debug|Any CPU
		{D741CE3A-4820-4893-9AF0-12A91A1A4D3D}.Debug|Any CPU.Build.0 = Debug|Any CPU
		{D741CE3A-4820-4893-9AF0-12A91A1A4D3D}.Release|Any CPU.ActiveCfg = Release|Any CPU
		{D741CE3A-4820-4893-9AF0-12A91A1A4D3D}.Release|Any CPU.Build.0 = Release|Any CPU
	EndGlobalSection
	GlobalSection(SolutionProperties) = preSolution
		HideSolutionNode = FALSE
	EndGlobalSection
	GlobalSection(NestedProjects) = preSolution
		{1CF5AAED-36C6-418E-B0E7-E72BEBE709FC} = {6C12E379-311A-4637-868C-0B472FE52D0C}
		{D5AF94C6-D6C2-4636-8DCA-063B0518A725} = {1CF5AAED-36C6-418E-B0E7-E72BEBE709FC}
		{8BDC77A7-2B7D-4900-9DA5-F7D8F1794A94} = {1CF5AAED-36C6-418E-B0E7-E72BEBE709FC}
		{1C77EE7B-77F8-4A1C-8391-336CEC576E3C} = {1CF5AAED-36C6-418E-B0E7-E72BEBE709FC}
		{EDC82F39-15C3-4647-A1C9-F08D536556D5} = {1CF5AAED-36C6-418E-B0E7-E72BEBE709FC}
		{53878B90-5C82-4CE3-96BA-7D1B02BB7A02} = {5D9E6E26-DFDF-4E6E-9FA0-B5B15D712F30}
		{476CF7FE-BDF4-45EB-B39A-C4608DFCAACC} = {5D9E6E26-DFDF-4E6E-9FA0-B5B15D712F30}
		{66060CBA-DB8D-48EF-B6D3-11BA8D51CFBA} = {5D9E6E26-DFDF-4E6E-9FA0-B5B15D712F30}
		{3E016F55-BD13-4CF5-9E08-C798C11C8256} = {5D9E6E26-DFDF-4E6E-9FA0-B5B15D712F30}
		{B70AD5F2-734E-4E39-8384-7111F5C26F81} = {6C12E379-311A-4637-868C-0B472FE52D0C}
		{40526F58-E055-49AB-979C-477345F307F4} = {B70AD5F2-734E-4E39-8384-7111F5C26F81}
		{9E26860F-97C1-4B92-AA51-81CFA0AE5B4F} = {1005D988-CFD9-4C37-9BED-B1371688A35A}
		{876D8ED3-0DB7-452B-8119-225A0D24C9FD} = {1CF5AAED-36C6-418E-B0E7-E72BEBE709FC}
		{44AB79C3-AE71-4EBC-88EC-A2621086C891} = {1CF5AAED-36C6-418E-B0E7-E72BEBE709FC}
		{E359F356-2A86-4D31-9BFE-8A44D5C54650} = {1CF5AAED-36C6-418E-B0E7-E72BEBE709FC}
		{D741CE3A-4820-4893-9AF0-12A91A1A4D3D} = {5D9E6E26-DFDF-4E6E-9FA0-B5B15D712F30}
	EndGlobalSection
	GlobalSection(ExtensibilityGlobals) = postSolution
		SolutionGuid = {5D996D0B-487E-4E3E-9D43-3BAA0115B850}
	EndGlobalSection
EndGlobal
